{
  "version": 4,
  "terraform_version": "1.6.2",
  "serial": 17,
  "lineage": "7435605c-e9ca-30c1-ddce-36db72955b77",
  "outputs": {
    "zstack_images": {
      "value": {
        "l3networks": [
          {
            "category": "Private",
            "dns": [
              {
                "dnsmodel": "223.5.5.5"
              }
            ],
            "iprange": [
              {
                "cidr": "172.26.0.0/16",
                "endip": "172.26.22.255",
                "gateway": "172.26.0.1",
                "iprangename": "172.26.21.0-172.26.22.255",
                "netmask": "255.255.0.0",
                "startip": "172.26.21.0"
              },
              {
                "cidr": "172.26.0.0/16",
                "endip": "172.26.30.120",
                "gateway": "172.26.0.1",
                "iprangename": "172.26.30.101-172.26.30.120",
                "netmask": "255.255.0.0",
                "startip": "172.26.30.101"
              }
            ],
            "name": "L3-公有网络",
            "uuid": "39ba650b58eb40f69824f1df3d21a030"
          }
        ],
        "name_regex": "L3-公有网络"
      },
      "type": [
        "object",
        {
          "l3networks": [
            "list",
            [
              "object",
              {
                "category": "string",
                "dns": [
                  "list",
                  [
                    "object",
                    {
                      "dnsmodel": "string"
                    }
                  ]
                ],
                "iprange": [
                  "list",
                  [
                    "object",
                    {
                      "cidr": "string",
                      "endip": "string",
                      "gateway": "string",
                      "iprangename": "string",
                      "netmask": "string",
                      "startip": "string"
                    }
                  ]
                ],
                "name": "string",
                "uuid": "string"
              }
            ]
          ],
          "name_regex": "string"
        }
      ]
    }
  },
  "resources": [
    {
      "mode": "data",
      "type": "zstack_images",
      "name": "images",
      "provider": "provider[\"zstack.io/terraform-provider-zstack/zstack\"]",
      "instances": [
        {
          "schema_version": 0,
          "attributes": {
            "images": [
              {
                "architecture": "x86_64",
                "format": "qcow2",
                "guestostype": "Linux",
                "name": "zaku-3.1.0",
                "platform": "Linux",
                "state": "Enabled",
                "status": "Ready",
                "uuid": "2ca3e9c10feb476e9af697e7ae237a9d"
              }
            ],
            "name_regex": "zaku-3.1.0"
          },
          "sensitive_attributes": []
        }
      ]
    },
    {
      "mode": "data",
      "type": "zstack_l3network",
      "name": "networks",
      "provider": "provider[\"zstack.io/terraform-provider-zstack/zstack\"]",
      "instances": [
        {
          "schema_version": 0,
          "attributes": {
            "l3networks": [
              {
                "category": "Private",
                "dns": [
                  {
                    "dnsmodel": "223.5.5.5"
                  }
                ],
                "iprange": [
                  {
                    "cidr": "172.26.0.0/16",
                    "endip": "172.26.22.255",
                    "gateway": "172.26.0.1",
                    "iprangename": "172.26.21.0-172.26.22.255",
                    "netmask": "255.255.0.0",
                    "startip": "172.26.21.0"
                  },
                  {
                    "cidr": "172.26.0.0/16",
                    "endip": "172.26.30.120",
                    "gateway": "172.26.0.1",
                    "iprangename": "172.26.30.101-172.26.30.120",
                    "netmask": "255.255.0.0",
                    "startip": "172.26.30.101"
                  }
                ],
                "name": "L3-公有网络",
                "uuid": "39ba650b58eb40f69824f1df3d21a030"
              }
            ],
            "name_regex": "L3-公有网络"
          },
          "sensitive_attributes": []
        }
      ]
    },
    {
      "mode": "managed",
      "type": "zstack_vm",
      "name": "vm",
      "provider": "provider[\"zstack.io/terraform-provider-zstack/zstack\"]",
      "instances": [
        {
          "schema_version": 0,
          "attributes": {
            "clusteruuid": null,
            "cupnum": 8,
            "description": "zaku testi mo",
            "imageuuid": "2ca3e9c10feb476e9af697e7ae237a9d",
            "ip": "172.26.22.196",
            "l3networkuuids": "39ba650b58eb40f69824f1df3d21a030",
            "memorysize": 24890375100,
            "name": "zaku",
            "rootdiskofferinguuid": null,
            "rootdisksize": null,
            "uuid": "86dc223f61454a19a5764c08d30dab14"
          },
          "sensitive_attributes": [],
          "dependencies": [
            "data.zstack_images.images",
            "data.zstack_l3network.networks"
          ]
        }
      ]
    }
  ],
  "check_results": null
}
