{
  "version": 4,
  "terraform_version": "1.6.2",
  "serial": 25,
  "lineage": "e63fa495-4774-8b92-c60c-2176c1bd51cb",
  "outputs": {
    "zstack_images": {
      "value": {
        "clusteruuid": "b3d461a11f3e41b9abd58c7fdb9c26d5",
        "cupnum": 8,
        "description": "zaku testi mo",
        "imageuuid": "2ca3e9c10feb476e9af697e7ae237a9d",
        "ip": "172.26.22.234",
        "l3networkuuids": "39ba650b58eb40f69824f1df3d21a030",
        "memorysize": 24890375100,
        "name": "zaku",
        "rootdiskofferinguuid": null,
        "rootdisksize": null,
        "uuid": "f21cb0448b08474a9be3c88247c12b7d",
        "zoneuuid": "0587fcf2406f4f37b8bd8104ad0dc875"
      },
      "type": [
        "object",
        {
          "clusteruuid": "string",
          "cupnum": "number",
          "description": "string",
          "imageuuid": "string",
          "ip": "string",
          "l3networkuuids": "string",
          "memorysize": "number",
          "name": "string",
          "rootdiskofferinguuid": "string",
          "rootdisksize": "number",
          "uuid": "string",
          "zoneuuid": "string"
        }
      ]
    }
  },
  "resources": [
    {
      "mode": "data",
      "type": "zstack_images",
      "name": "images",
      "provider": "provider[\"zstack.io/terraform-provider-zstack/zstack\"]",
      "instances": [
        {
          "schema_version": 0,
          "attributes": {
            "images": [
              {
                "architecture": "x86_64",
                "format": "qcow2",
                "guestostype": "Linux",
                "name": "zaku-3.1.0",
                "platform": "Linux",
                "state": "Enabled",
                "status": "Ready",
                "uuid": "2ca3e9c10feb476e9af697e7ae237a9d"
              }
            ],
            "name_regex": "zaku-3.1.0"
          },
          "sensitive_attributes": []
        }
      ]
    },
    {
      "mode": "data",
      "type": "zstack_l3network",
      "name": "networks",
      "provider": "provider[\"zstack.io/terraform-provider-zstack/zstack\"]",
      "instances": [
        {
          "schema_version": 0,
          "attributes": {
            "l3networks": [
              {
                "category": "Private",
                "dns": [
                  {
                    "dnsmodel": "223.5.5.5"
                  }
                ],
                "iprange": [
                  {
                    "cidr": "172.26.0.0/16",
                    "endip": "172.26.22.255",
                    "gateway": "172.26.0.1",
                    "iprangename": "172.26.21.0-172.26.22.255",
                    "netmask": "255.255.0.0",
                    "startip": "172.26.21.0"
                  },
                  {
                    "cidr": "172.26.0.0/16",
                    "endip": "172.26.30.120",
                    "gateway": "172.26.0.1",
                    "iprangename": "172.26.30.101-172.26.30.120",
                    "netmask": "255.255.0.0",
                    "startip": "172.26.30.101"
                  }
                ],
                "name": "L3-公有网络",
                "uuid": "39ba650b58eb40f69824f1df3d21a030"
              }
            ],
            "name_regex": "L3-公有网络"
          },
          "sensitive_attributes": []
        }
      ]
    },
    {
      "mode": "data",
      "type": "zstack_zones",
      "name": "zones",
      "provider": "provider[\"zstack.io/terraform-provider-zstack/zstack\"]",
      "instances": [
        {
          "schema_version": 0,
          "attributes": {
            "name_regex": "ZONE-1",
            "zones": [
              {
                "name": "ZONE-1",
                "state": "Enabled",
                "type": "zstack",
                "uuid": "0587fcf2406f4f37b8bd8104ad0dc875"
              }
            ]
          },
          "sensitive_attributes": []
        }
      ]
    },
    {
      "mode": "data",
      "type": "zstack_zsclusters",
      "name": "clusters",
      "provider": "provider[\"zstack.io/terraform-provider-zstack/zstack\"]",
      "instances": [
        {
          "schema_version": 0,
          "attributes": {
            "clusters": [
              {
                "hypervisortype": "KVM",
                "name": "Cluster-1",
                "state": "Enabled",
                "type": "zstack",
                "uuid": "b3d461a11f3e41b9abd58c7fdb9c26d5",
                "zoneuuid": "0587fcf2406f4f37b8bd8104ad0dc875"
              }
            ],
            "name_regex": "Cluster-1"
          },
          "sensitive_attributes": []
        }
      ]
    },
    {
      "mode": "managed",
      "type": "zstack_vm",
      "name": "vm",
      "provider": "provider[\"zstack.io/terraform-provider-zstack/zstack\"]",
      "instances": [
        {
          "schema_version": 0,
          "attributes": {
            "clusteruuid": "b3d461a11f3e41b9abd58c7fdb9c26d5",
            "cupnum": 8,
            "description": "zaku testi mo",
            "imageuuid": "2ca3e9c10feb476e9af697e7ae237a9d",
            "ip": "172.26.22.234",
            "l3networkuuids": "39ba650b58eb40f69824f1df3d21a030",
            "memorysize": 24890375100,
            "name": "zaku",
            "rootdiskofferinguuid": null,
            "rootdisksize": null,
            "uuid": "f21cb0448b08474a9be3c88247c12b7d",
            "zoneuuid": "0587fcf2406f4f37b8bd8104ad0dc875"
          },
          "sensitive_attributes": [],
          "dependencies": [
            "data.zstack_images.images",
            "data.zstack_l3network.networks",
            "data.zstack_zones.zones",
            "data.zstack_zsclusters.clusters"
          ]
        }
      ]
    }
  ],
  "check_results": null
}
