{
  "version": 4,
  "terraform_version": "1.5.7",
  "serial": 7,
  "lineage": "5180ac66-f8b0-7c1b-6db3-8d1b1d217b9e",
  "outputs": {
    "zstack_vm": {
      "value": [
        {
          "cupnum": 16,
          "description": "chi test",
          "imageuuid": "9b26312501614ec0b6dc731e6977dfb2",
          "ip": "172.25.126.223",
          "l3networkuuids": "de7f26a7304d45aea9e9871a1ba7dbae",
          "memorysize": 1147483648,
          "name": "temp-modift-1",
          "rootdiskofferinguuid": "e6ed934030244c7c8465975f7a23ae79",
          "rootdisksize": 202400,
          "uuid": "9ce5283da4414ef9870518528b423e6b"
        },
        {
          "cupnum": 16,
          "description": "chi test",
          "imageuuid": "9b26312501614ec0b6dc731e6977dfb2",
          "ip": "172.25.126.219",
          "l3networkuuids": "de7f26a7304d45aea9e9871a1ba7dbae",
          "memorysize": 1147483648,
          "name": "temp-modift-2",
          "rootdiskofferinguuid": "e6ed934030244c7c8465975f7a23ae79",
          "rootdisksize": 202400,
          "uuid": "ef7110bf5c5742f1a506760eb5d92576"
        },
        {
          "cupnum": 16,
          "description": "chi test",
          "imageuuid": "9b26312501614ec0b6dc731e6977dfb2",
          "ip": "172.25.126.220",
          "l3networkuuids": "de7f26a7304d45aea9e9871a1ba7dbae",
          "memorysize": 1147483648,
          "name": "temp-modift-3",
          "rootdiskofferinguuid": "e6ed934030244c7c8465975f7a23ae79",
          "rootdisksize": 202400,
          "uuid": "3952fff29b1e4ef285059e0c0b1f2394"
        },
        {
          "cupnum": 16,
          "description": "chi test",
          "imageuuid": "9b26312501614ec0b6dc731e6977dfb2",
          "ip": "172.25.126.203",
          "l3networkuuids": "de7f26a7304d45aea9e9871a1ba7dbae",
          "memorysize": 1147483648,
          "name": "temp-modift-4",
          "rootdiskofferinguuid": "e6ed934030244c7c8465975f7a23ae79",
          "rootdisksize": 202400,
          "uuid": "2f70c658fc0d41cc8e7c1bd011fbf228"
        },
        {
          "cupnum": 16,
          "description": "chi test",
          "imageuuid": "9b26312501614ec0b6dc731e6977dfb2",
          "ip": "172.25.126.212",
          "l3networkuuids": "de7f26a7304d45aea9e9871a1ba7dbae",
          "memorysize": 1147483648,
          "name": "temp-modift-5",
          "rootdiskofferinguuid": "e6ed934030244c7c8465975f7a23ae79",
          "rootdisksize": 202400,
          "uuid": "5529448124064580b25d6130591f5b82"
        }
      ],
      "type": [
        "tuple",
        [
          [
            "object",
            {
              "cupnum": "number",
              "description": "string",
              "imageuuid": "string",
              "ip": "string",
              "l3networkuuids": "string",
              "memorysize": "number",
              "name": "string",
              "rootdiskofferinguuid": "string",
              "rootdisksize": "number",
              "uuid": "string"
            }
          ],
          [
            "object",
            {
              "cupnum": "number",
              "description": "string",
              "imageuuid": "string",
              "ip": "string",
              "l3networkuuids": "string",
              "memorysize": "number",
              "name": "string",
              "rootdiskofferinguuid": "string",
              "rootdisksize": "number",
              "uuid": "string"
            }
          ],
          [
            "object",
            {
              "cupnum": "number",
              "description": "string",
              "imageuuid": "string",
              "ip": "string",
              "l3networkuuids": "string",
              "memorysize": "number",
              "name": "string",
              "rootdiskofferinguuid": "string",
              "rootdisksize": "number",
              "uuid": "string"
            }
          ],
          [
            "object",
            {
              "cupnum": "number",
              "description": "string",
              "imageuuid": "string",
              "ip": "string",
              "l3networkuuids": "string",
              "memorysize": "number",
              "name": "string",
              "rootdiskofferinguuid": "string",
              "rootdisksize": "number",
              "uuid": "string"
            }
          ],
          [
            "object",
            {
              "cupnum": "number",
              "description": "string",
              "imageuuid": "string",
              "ip": "string",
              "l3networkuuids": "string",
              "memorysize": "number",
              "name": "string",
              "rootdiskofferinguuid": "string",
              "rootdisksize": "number",
              "uuid": "string"
            }
          ]
        ]
      ]
    }
  },
  "resources": [
    {
      "mode": "data",
      "type": "zstack_images",
      "name": "images",
      "provider": "provider[\"zstack.io/terraform-provider-zstack/zstack\"]",
      "instances": [
        {
          "schema_version": 0,
          "attributes": {
            "images": [
              {
                "architecture": "x86_64",
                "format": "qcow2",
                "guestostype": "Linux",
                "name": "C790123newname",
                "platform": "Linux",
                "state": "Enabled",
                "status": "Ready",
                "uuid": "9b26312501614ec0b6dc731e6977dfb2"
              }
            ],
            "name_regex": "C790123newname"
          },
          "sensitive_attributes": []
        }
      ]
    },
    {
      "mode": "data",
      "type": "zstack_l3network",
      "name": "networks",
      "provider": "provider[\"zstack.io/terraform-provider-zstack/zstack\"]",
      "instances": [
        {
          "schema_version": 0,
          "attributes": {
            "l3networks": [
              {
                "category": "Public",
                "dns": [
                  {
                    "dnsmodel": "223.5.5.5"
                  }
                ],
                "iprange": [
                  {
                    "cidr": "172.25.0.0/16",
                    "endip": "172.25.126.223",
                    "gateway": "172.25.0.1",
                    "iprangename": "172.25.126.192-172.25.126.223",
                    "netmask": "255.255.0.0",
                    "startip": "172.25.126.192"
                  }
                ],
                "name": "public",
                "uuid": "de7f26a7304d45aea9e9871a1ba7dbae"
              }
            ],
            "name_regex": "public"
          },
          "sensitive_attributes": []
        }
      ]
    },
    {
      "mode": "managed",
      "type": "zstack_vm",
      "name": "vm",
      "provider": "provider[\"zstack.io/terraform-provider-zstack/zstack\"]",
      "instances": [
        {
          "index_key": 0,
          "schema_version": 0,
          "attributes": {
            "cupnum": 16,
            "description": "chi test",
            "imageuuid": "9b26312501614ec0b6dc731e6977dfb2",
            "ip": "172.25.126.223",
            "l3networkuuids": "de7f26a7304d45aea9e9871a1ba7dbae",
            "memorysize": 1147483648,
            "name": "temp-modift-1",
            "rootdiskofferinguuid": "e6ed934030244c7c8465975f7a23ae79",
            "rootdisksize": 202400,
            "uuid": "9ce5283da4414ef9870518528b423e6b"
          },
          "sensitive_attributes": [],
          "dependencies": [
            "data.zstack_images.images",
            "data.zstack_l3network.networks"
          ]
        },
        {
          "index_key": 1,
          "schema_version": 0,
          "attributes": {
            "cupnum": 16,
            "description": "chi test",
            "imageuuid": "9b26312501614ec0b6dc731e6977dfb2",
            "ip": "172.25.126.219",
            "l3networkuuids": "de7f26a7304d45aea9e9871a1ba7dbae",
            "memorysize": 1147483648,
            "name": "temp-modift-2",
            "rootdiskofferinguuid": "e6ed934030244c7c8465975f7a23ae79",
            "rootdisksize": 202400,
            "uuid": "ef7110bf5c5742f1a506760eb5d92576"
          },
          "sensitive_attributes": [],
          "dependencies": [
            "data.zstack_images.images",
            "data.zstack_l3network.networks"
          ]
        },
        {
          "index_key": 2,
          "schema_version": 0,
          "attributes": {
            "cupnum": 16,
            "description": "chi test",
            "imageuuid": "9b26312501614ec0b6dc731e6977dfb2",
            "ip": "172.25.126.220",
            "l3networkuuids": "de7f26a7304d45aea9e9871a1ba7dbae",
            "memorysize": 1147483648,
            "name": "temp-modift-3",
            "rootdiskofferinguuid": "e6ed934030244c7c8465975f7a23ae79",
            "rootdisksize": 202400,
            "uuid": "3952fff29b1e4ef285059e0c0b1f2394"
          },
          "sensitive_attributes": [],
          "dependencies": [
            "data.zstack_images.images",
            "data.zstack_l3network.networks"
          ]
        },
        {
          "index_key": 3,
          "schema_version": 0,
          "attributes": {
            "cupnum": 16,
            "description": "chi test",
            "imageuuid": "9b26312501614ec0b6dc731e6977dfb2",
            "ip": "172.25.126.203",
            "l3networkuuids": "de7f26a7304d45aea9e9871a1ba7dbae",
            "memorysize": 1147483648,
            "name": "temp-modift-4",
            "rootdiskofferinguuid": "e6ed934030244c7c8465975f7a23ae79",
            "rootdisksize": 202400,
            "uuid": "2f70c658fc0d41cc8e7c1bd011fbf228"
          },
          "sensitive_attributes": [],
          "dependencies": [
            "data.zstack_images.images",
            "data.zstack_l3network.networks"
          ]
        },
        {
          "index_key": 4,
          "schema_version": 0,
          "attributes": {
            "cupnum": 16,
            "description": "chi test",
            "imageuuid": "9b26312501614ec0b6dc731e6977dfb2",
            "ip": "172.25.126.212",
            "l3networkuuids": "de7f26a7304d45aea9e9871a1ba7dbae",
            "memorysize": 1147483648,
            "name": "temp-modift-5",
            "rootdiskofferinguuid": "e6ed934030244c7c8465975f7a23ae79",
            "rootdisksize": 202400,
            "uuid": "5529448124064580b25d6130591f5b82"
          },
          "sensitive_attributes": [],
          "dependencies": [
            "data.zstack_images.images",
            "data.zstack_l3network.networks"
          ]
        }
      ]
    }
  ],
  "check_results": null
}
