{
  "version": 4,
  "terraform_version": "1.6.2",
  "serial": 4,
  "lineage": "90480ec0-a242-568b-f36d-97e166d696cc",
  "outputs": {
    "zstack_vm": {
      "value": [
        {
          "clusteruuid": null,
          "cupnum": 1,
          "description": "5.0 test",
          "imageuuid": "a87b365963f1458e9368aec90f28e897",
          "ip": "10.0.45.230",
          "l3networkuuids": "6d6fc574a56b48d49c36c89dda3f909d",
          "memorysize": 1147483648,
          "name": "pvlan-modift-1",
          "rootdiskofferinguuid": null,
          "rootdisksize": 202400,
          "uuid": "eca1cd7c7c1c4bf5b9e2ac04ec614891"
        },
        {
          "clusteruuid": null,
          "cupnum": 1,
          "description": "5.0 test",
          "imageuuid": "a87b365963f1458e9368aec90f28e897",
          "ip": "10.0.45.192",
          "l3networkuuids": "6d6fc574a56b48d49c36c89dda3f909d",
          "memorysize": 1147483648,
          "name": "pvlan-modift-2",
          "rootdiskofferinguuid": null,
          "rootdisksize": 202400,
          "uuid": "045397d6acb74665a204f653acf8a564"
        },
        {
          "clusteruuid": null,
          "cupnum": 1,
          "description": "5.0 test",
          "imageuuid": "a87b365963f1458e9368aec90f28e897",
          "ip": "10.0.45.231",
          "l3networkuuids": "6d6fc574a56b48d49c36c89dda3f909d",
          "memorysize": 1147483648,
          "name": "pvlan-modift-3",
          "rootdiskofferinguuid": null,
          "rootdisksize": 202400,
          "uuid": "6d6665a83ec34874a5f23ed4d2d85c22"
        }
      ],
      "type": [
        "tuple",
        [
          [
            "object",
            {
              "clusteruuid": "string",
              "cupnum": "number",
              "description": "string",
              "imageuuid": "string",
              "ip": "string",
              "l3networkuuids": "string",
              "memorysize": "number",
              "name": "string",
              "rootdiskofferinguuid": "string",
              "rootdisksize": "number",
              "uuid": "string"
            }
          ],
          [
            "object",
            {
              "clusteruuid": "string",
              "cupnum": "number",
              "description": "string",
              "imageuuid": "string",
              "ip": "string",
              "l3networkuuids": "string",
              "memorysize": "number",
              "name": "string",
              "rootdiskofferinguuid": "string",
              "rootdisksize": "number",
              "uuid": "string"
            }
          ],
          [
            "object",
            {
              "clusteruuid": "string",
              "cupnum": "number",
              "description": "string",
              "imageuuid": "string",
              "ip": "string",
              "l3networkuuids": "string",
              "memorysize": "number",
              "name": "string",
              "rootdiskofferinguuid": "string",
              "rootdisksize": "number",
              "uuid": "string"
            }
          ]
        ]
      ]
    }
  },
  "resources": [
    {
      "mode": "data",
      "type": "zstack_images",
      "name": "images",
      "provider": "provider[\"zstack.io/terraform-provider-zstack/zstack\"]",
      "instances": [
        {
          "schema_version": 0,
          "attributes": {
            "images": [
              {
                "architecture": "x86_64",
                "format": "qcow2",
                "guestostype": "Linux",
                "name": "Image-1",
                "platform": "Linux",
                "state": "Enabled",
                "status": "Ready",
                "uuid": "a87b365963f1458e9368aec90f28e897"
              }
            ],
            "name_regex": "Image-1"
          },
          "sensitive_attributes": []
        }
      ]
    },
    {
      "mode": "data",
      "type": "zstack_l3network",
      "name": "networks",
      "provider": "provider[\"zstack.io/terraform-provider-zstack/zstack\"]",
      "instances": [
        {
          "schema_version": 0,
          "attributes": {
            "l3networks": [
              {
                "category": "Private",
                "dns": [
                  {
                    "dnsmodel": "223.5.5.5"
                  }
                ],
                "iprange": [
                  {
                    "cidr": "10.0.0.0/16",
                    "endip": "10.0.45.232",
                    "gateway": "10.0.45.1",
                    "iprangename": "10.0.45.2-10.0.45.232",
                    "netmask": "255.255.0.0",
                    "startip": "10.0.45.2"
                  }
                ],
                "name": "pvlan",
                "uuid": "6d6fc574a56b48d49c36c89dda3f909d"
              }
            ],
            "name_regex": "pvlan"
          },
          "sensitive_attributes": []
        }
      ]
    },
    {
      "mode": "managed",
      "type": "zstack_vm",
      "name": "vm",
      "provider": "provider[\"zstack.io/terraform-provider-zstack/zstack\"]",
      "instances": [
        {
          "index_key": 0,
          "schema_version": 0,
          "attributes": {
            "clusteruuid": null,
            "cupnum": 1,
            "description": "5.0 test",
            "imageuuid": "a87b365963f1458e9368aec90f28e897",
            "ip": "10.0.45.230",
            "l3networkuuids": "6d6fc574a56b48d49c36c89dda3f909d",
            "memorysize": 1147483648,
            "name": "pvlan-modift-1",
            "rootdiskofferinguuid": null,
            "rootdisksize": 202400,
            "uuid": "eca1cd7c7c1c4bf5b9e2ac04ec614891"
          },
          "sensitive_attributes": [],
          "dependencies": [
            "data.zstack_images.images",
            "data.zstack_l3network.networks"
          ]
        },
        {
          "index_key": 1,
          "schema_version": 0,
          "attributes": {
            "clusteruuid": null,
            "cupnum": 1,
            "description": "5.0 test",
            "imageuuid": "a87b365963f1458e9368aec90f28e897",
            "ip": "10.0.45.192",
            "l3networkuuids": "6d6fc574a56b48d49c36c89dda3f909d",
            "memorysize": 1147483648,
            "name": "pvlan-modift-2",
            "rootdiskofferinguuid": null,
            "rootdisksize": 202400,
            "uuid": "045397d6acb74665a204f653acf8a564"
          },
          "sensitive_attributes": [],
          "dependencies": [
            "data.zstack_images.images",
            "data.zstack_l3network.networks"
          ]
        },
        {
          "index_key": 2,
          "schema_version": 0,
          "attributes": {
            "clusteruuid": null,
            "cupnum": 1,
            "description": "5.0 test",
            "imageuuid": "a87b365963f1458e9368aec90f28e897",
            "ip": "10.0.45.231",
            "l3networkuuids": "6d6fc574a56b48d49c36c89dda3f909d",
            "memorysize": 1147483648,
            "name": "pvlan-modift-3",
            "rootdiskofferinguuid": null,
            "rootdisksize": 202400,
            "uuid": "6d6665a83ec34874a5f23ed4d2d85c22"
          },
          "sensitive_attributes": [],
          "dependencies": [
            "data.zstack_images.images",
            "data.zstack_l3network.networks"
          ]
        }
      ]
    }
  ],
  "check_results": null
}
