{
  "version": 4,
  "terraform_version": "1.6.2",
  "serial": 8,
  "lineage": "410c0477-6878-3fbf-c05c-6caa4290f51b",
  "outputs": {},
  "resources": [
    {
      "mode": "data",
      "type": "zstack_backupstorage",
      "name": "imagestorage",
      "provider": "provider[\"zstack.io/terraform-provider-zstack/zstack\"]",
      "instances": [
        {
          "schema_version": 0,
          "attributes": {
            "backupstorages": [
              {
                "availablecapacity": 179620810752,
                "name": "image",
                "state": "Enabled",
                "status": "Connected",
                "totalcapacity": 229057531904,
                "uuid": "936d51b80fdb4a0ea9c742bcecab56e0"
              }
            ],
            "name_regex": "image"
          },
          "sensitive_attributes": []
        }
      ]
    },
    {
      "mode": "managed",
      "type": "zstack_image",
      "name": "image",
      "provider": "provider[\"zstack.io/terraform-provider-zstack/zstack\"]",
      "instances": [
        {
          "index_key": 0,
          "status": "tainted",
          "schema_version": 0,
          "attributes": {
            "architecture": "x86_64",
            "backupstorageuuid": "936d51b80fdb4a0ea9c742bcecab56e0",
            "description": "chi test",
            "format": "qcow2",
            "guestostype": "Linux",
            "last_updated": "2024-03-22 12:04:33 +0800 CST",
            "name": "C790123newname",
            "platform": "Linux",
            "system": "false",
            "type": "zstack",
            "url": "file:///opt/zstack-dvd/zstack-image-1.4.qcow2",
            "uuid": "b4db3a83f65e4d4b9da55f7ec49f0f25",
            "virtio": false
          },
          "sensitive_attributes": [],
          "dependencies": [
            "data.zstack_backupstorage.imagestorage"
          ]
        },
        {
          "index_key": 1,
          "status": "tainted",
          "schema_version": 0,
          "attributes": {
            "architecture": "x86_64",
            "backupstorageuuid": "936d51b80fdb4a0ea9c742bcecab56e0",
            "description": "chi test",
            "format": "qcow2",
            "guestostype": "Linux",
            "last_updated": "2024-03-22 12:04:33 +0800 CST",
            "name": "C790123newname",
            "platform": "Linux",
            "system": "false",
            "type": "zstack",
            "url": "file:///opt/zstack-dvd/zstack-image-1.4.qcow2",
            "uuid": "edc2451802c9478bacc3eae2086f9a73",
            "virtio": false
          },
          "sensitive_attributes": [],
          "dependencies": [
            "data.zstack_backupstorage.imagestorage"
          ]
        },
        {
          "index_key": 2,
          "status": "tainted",
          "schema_version": 0,
          "attributes": {
            "architecture": "x86_64",
            "backupstorageuuid": "936d51b80fdb4a0ea9c742bcecab56e0",
            "description": "chi test",
            "format": "qcow2",
            "guestostype": "Linux",
            "last_updated": "2024-03-22 12:04:33 +0800 CST",
            "name": "C790123newname",
            "platform": "Linux",
            "system": "false",
            "type": "zstack",
            "url": "file:///opt/zstack-dvd/zstack-image-1.4.qcow2",
            "uuid": "adb5f774ea784d759c35159682a298b4",
            "virtio": false
          },
          "sensitive_attributes": [],
          "dependencies": [
            "data.zstack_backupstorage.imagestorage"
          ]
        }
      ]
    }
  ],
  "check_results": null
}
