{
  "version": 4,
  "terraform_version": "1.5.7",
  "serial": 47,
  "lineage": "5657ed1c-65e9-c86b-1f4f-f32ad2eb3db1",
  "outputs": {
    "zstack_vm": {
      "value": [
        {
          "clusteruuid": null,
          "cupnum": 1,
          "description": "5.0 test",
          "imageuuid": "5936415c10644529bc62bcf6f0d2d246",
          "ip": "10.11.4.137",
          "l3networkuuids": "2af1633d68cc4ae293c6fdac61b55d9b",
          "memorysize": 5147483640,
          "name": "temp-modift-1",
          "rootdiskofferinguuid": null,
          "rootdisksize": 202400,
          "uuid": "125b4c0c8c3c402399b3265e23c2d631"
        },
        {
          "clusteruuid": null,
          "cupnum": 1,
          "description": "5.0 test",
          "imageuuid": "5936415c10644529bc62bcf6f0d2d246",
          "ip": "10.11.4.174",
          "l3networkuuids": "2af1633d68cc4ae293c6fdac61b55d9b",
          "memorysize": 5147483640,
          "name": "temp-modift-2",
          "rootdiskofferinguuid": null,
          "rootdisksize": 202400,
          "uuid": "b34af73d4d474782910d2877b8842e70"
        },
        {
          "clusteruuid": null,
          "cupnum": 1,
          "description": "5.0 test",
          "imageuuid": "5936415c10644529bc62bcf6f0d2d246",
          "ip": "10.11.4.228",
          "l3networkuuids": "2af1633d68cc4ae293c6fdac61b55d9b",
          "memorysize": 5147483640,
          "name": "temp-modift-3",
          "rootdiskofferinguuid": null,
          "rootdisksize": 202400,
          "uuid": "fce828d912504e6c8e07b8051c7e4e13"
        },
        {
          "clusteruuid": null,
          "cupnum": 1,
          "description": "5.0 test",
          "imageuuid": "5936415c10644529bc62bcf6f0d2d246",
          "ip": "10.11.4.196",
          "l3networkuuids": "2af1633d68cc4ae293c6fdac61b55d9b",
          "memorysize": 5147483640,
          "name": "temp-modift-4",
          "rootdiskofferinguuid": null,
          "rootdisksize": 202400,
          "uuid": "dabab58a5eeb458c98ffbece87ad20bd"
        },
        {
          "clusteruuid": null,
          "cupnum": 1,
          "description": "5.0 test",
          "imageuuid": "5936415c10644529bc62bcf6f0d2d246",
          "ip": "10.11.4.232",
          "l3networkuuids": "2af1633d68cc4ae293c6fdac61b55d9b",
          "memorysize": 5147483640,
          "name": "temp-modift-5",
          "rootdiskofferinguuid": null,
          "rootdisksize": 202400,
          "uuid": "45b900666f4a4587bbe50abadf88e4fc"
        }
      ],
      "type": [
        "tuple",
        [
          [
            "object",
            {
              "clusteruuid": "string",
              "cupnum": "number",
              "description": "string",
              "imageuuid": "string",
              "ip": "string",
              "l3networkuuids": "string",
              "memorysize": "number",
              "name": "string",
              "rootdiskofferinguuid": "string",
              "rootdisksize": "number",
              "uuid": "string"
            }
          ],
          [
            "object",
            {
              "clusteruuid": "string",
              "cupnum": "number",
              "description": "string",
              "imageuuid": "string",
              "ip": "string",
              "l3networkuuids": "string",
              "memorysize": "number",
              "name": "string",
              "rootdiskofferinguuid": "string",
              "rootdisksize": "number",
              "uuid": "string"
            }
          ],
          [
            "object",
            {
              "clusteruuid": "string",
              "cupnum": "number",
              "description": "string",
              "imageuuid": "string",
              "ip": "string",
              "l3networkuuids": "string",
              "memorysize": "number",
              "name": "string",
              "rootdiskofferinguuid": "string",
              "rootdisksize": "number",
              "uuid": "string"
            }
          ],
          [
            "object",
            {
              "clusteruuid": "string",
              "cupnum": "number",
              "description": "string",
              "imageuuid": "string",
              "ip": "string",
              "l3networkuuids": "string",
              "memorysize": "number",
              "name": "string",
              "rootdiskofferinguuid": "string",
              "rootdisksize": "number",
              "uuid": "string"
            }
          ],
          [
            "object",
            {
              "clusteruuid": "string",
              "cupnum": "number",
              "description": "string",
              "imageuuid": "string",
              "ip": "string",
              "l3networkuuids": "string",
              "memorysize": "number",
              "name": "string",
              "rootdiskofferinguuid": "string",
              "rootdisksize": "number",
              "uuid": "string"
            }
          ]
        ]
      ]
    }
  },
  "resources": [
    {
      "mode": "data",
      "type": "zstack_images",
      "name": "images",
      "provider": "provider[\"zstack.io/terraform-provider-zstack/zstack\"]",
      "instances": [
        {
          "schema_version": 0,
          "attributes": {
            "images": [
              {
                "architecture": "x86_64",
                "format": "qcow2",
                "guestostype": "Linux",
                "name": "image_for_sg_test1",
                "platform": "Linux",
                "state": "Enabled",
                "status": "Ready",
                "uuid": "5936415c10644529bc62bcf6f0d2d246"
              }
            ],
            "name_regex": "image_for_sg_test1"
          },
          "sensitive_attributes": []
        }
      ]
    },
    {
      "mode": "data",
      "type": "zstack_l3network",
      "name": "networks",
      "provider": "provider[\"zstack.io/terraform-provider-zstack/zstack\"]",
      "instances": [
        {
          "schema_version": 0,
          "attributes": {
            "l3networks": [
              {
                "category": "Private",
                "dns": [
                  {
                    "dnsmodel": "223.5.5.5"
                  }
                ],
                "iprange": [
                  {
                    "cidr": "10.11.4.0/24",
                    "endip": "10.11.4.232",
                    "gateway": "10.11.4.1",
                    "iprangename": "guest vlan ip range name 19",
                    "netmask": "255.255.255.0",
                    "startip": "10.11.4.2"
                  }
                ],
                "name": "l3VlanNetwork19",
                "uuid": "2af1633d68cc4ae293c6fdac61b55d9b"
              }
            ],
            "name_regex": "l3VlanNetwork19"
          },
          "sensitive_attributes": []
        }
      ]
    },
    {
      "mode": "managed",
      "type": "zstack_vm",
      "name": "vm",
      "provider": "provider[\"zstack.io/terraform-provider-zstack/zstack\"]",
      "instances": [
        {
          "index_key": 0,
          "schema_version": 0,
          "attributes": {
            "clusteruuid": null,
            "cupnum": 1,
            "description": "5.0 test",
            "imageuuid": "5936415c10644529bc62bcf6f0d2d246",
            "ip": "10.11.4.137",
            "l3networkuuids": "2af1633d68cc4ae293c6fdac61b55d9b",
            "memorysize": 5147483640,
            "name": "temp-modift-1",
            "rootdiskofferinguuid": null,
            "rootdisksize": 202400,
            "uuid": "125b4c0c8c3c402399b3265e23c2d631"
          },
          "sensitive_attributes": [],
          "dependencies": [
            "data.zstack_images.images",
            "data.zstack_l3network.networks"
          ]
        },
        {
          "index_key": 1,
          "schema_version": 0,
          "attributes": {
            "clusteruuid": null,
            "cupnum": 1,
            "description": "5.0 test",
            "imageuuid": "5936415c10644529bc62bcf6f0d2d246",
            "ip": "10.11.4.174",
            "l3networkuuids": "2af1633d68cc4ae293c6fdac61b55d9b",
            "memorysize": 5147483640,
            "name": "temp-modift-2",
            "rootdiskofferinguuid": null,
            "rootdisksize": 202400,
            "uuid": "b34af73d4d474782910d2877b8842e70"
          },
          "sensitive_attributes": [],
          "dependencies": [
            "data.zstack_images.images",
            "data.zstack_l3network.networks"
          ]
        },
        {
          "index_key": 2,
          "schema_version": 0,
          "attributes": {
            "clusteruuid": null,
            "cupnum": 1,
            "description": "5.0 test",
            "imageuuid": "5936415c10644529bc62bcf6f0d2d246",
            "ip": "10.11.4.228",
            "l3networkuuids": "2af1633d68cc4ae293c6fdac61b55d9b",
            "memorysize": 5147483640,
            "name": "temp-modift-3",
            "rootdiskofferinguuid": null,
            "rootdisksize": 202400,
            "uuid": "fce828d912504e6c8e07b8051c7e4e13"
          },
          "sensitive_attributes": [],
          "dependencies": [
            "data.zstack_images.images",
            "data.zstack_l3network.networks"
          ]
        },
        {
          "index_key": 3,
          "schema_version": 0,
          "attributes": {
            "clusteruuid": null,
            "cupnum": 1,
            "description": "5.0 test",
            "imageuuid": "5936415c10644529bc62bcf6f0d2d246",
            "ip": "10.11.4.196",
            "l3networkuuids": "2af1633d68cc4ae293c6fdac61b55d9b",
            "memorysize": 5147483640,
            "name": "temp-modift-4",
            "rootdiskofferinguuid": null,
            "rootdisksize": 202400,
            "uuid": "dabab58a5eeb458c98ffbece87ad20bd"
          },
          "sensitive_attributes": [],
          "dependencies": [
            "data.zstack_images.images",
            "data.zstack_l3network.networks"
          ]
        },
        {
          "index_key": 4,
          "schema_version": 0,
          "attributes": {
            "clusteruuid": null,
            "cupnum": 1,
            "description": "5.0 test",
            "imageuuid": "5936415c10644529bc62bcf6f0d2d246",
            "ip": "10.11.4.232",
            "l3networkuuids": "2af1633d68cc4ae293c6fdac61b55d9b",
            "memorysize": 5147483640,
            "name": "temp-modift-5",
            "rootdiskofferinguuid": null,
            "rootdisksize": 202400,
            "uuid": "45b900666f4a4587bbe50abadf88e4fc"
          },
          "sensitive_attributes": [],
          "dependencies": [
            "data.zstack_images.images",
            "data.zstack_l3network.networks"
          ]
        }
      ]
    }
  ],
  "check_results": null
}
