{
  "version": 4,
  "terraform_version": "1.5.7",
  "serial": 2,
  "lineage": "1a6a6022-ce0b-0eca-6d7c-e6b7dce2dd64",
  "outputs": {
    "zstack_vm": {
      "value": [
        {
          "cupnum": 16,
          "description": "chi test",
          "imageuuid": "40172a4601b14fcfb822c40a70da3955",
          "ip": "172.25.126.207",
          "l3networkuuids": "de7f26a7304d45aea9e9871a1ba7dbae",
          "memorysize": 1147483648,
          "name": "temp-modift-1",
          "rootdiskofferinguuid": null,
          "rootdisksize": 202400,
          "uuid": "25d69ba2ecdc497fbc73a05d97de42aa"
        },
        {
          "cupnum": 16,
          "description": "chi test",
          "imageuuid": "40172a4601b14fcfb822c40a70da3955",
          "ip": "172.25.126.208",
          "l3networkuuids": "de7f26a7304d45aea9e9871a1ba7dbae",
          "memorysize": 1147483648,
          "name": "temp-modift-2",
          "rootdiskofferinguuid": null,
          "rootdisksize": 202400,
          "uuid": "2c865b970b074f528568ce962b2b92bc"
        }
      ],
      "type": [
        "tuple",
        [
          [
            "object",
            {
              "cupnum": "number",
              "description": "string",
              "imageuuid": "string",
              "ip": "string",
              "l3networkuuids": "string",
              "memorysize": "number",
              "name": "string",
              "rootdiskofferinguuid": "string",
              "rootdisksize": "number",
              "uuid": "string"
            }
          ],
          [
            "object",
            {
              "cupnum": "number",
              "description": "string",
              "imageuuid": "string",
              "ip": "string",
              "l3networkuuids": "string",
              "memorysize": "number",
              "name": "string",
              "rootdiskofferinguuid": "string",
              "rootdisksize": "number",
              "uuid": "string"
            }
          ]
        ]
      ]
    }
  },
  "resources": [
    {
      "mode": "data",
      "type": "zstack_images",
      "name": "images",
      "provider": "provider[\"zstack.io/terraform-provider-zstack/zstack\"]",
      "instances": [
        {
          "schema_version": 0,
          "attributes": {
            "images": [
              {
                "architecture": "x86_64",
                "format": "qcow2",
                "guestostype": "Linux",
                "name": "Image-1",
                "platform": "Linux",
                "state": "Enabled",
                "status": "Ready",
                "uuid": "40172a4601b14fcfb822c40a70da3955"
              }
            ],
            "name_regex": "Image-1"
          },
          "sensitive_attributes": []
        }
      ]
    },
    {
      "mode": "data",
      "type": "zstack_l3network",
      "name": "networks",
      "provider": "provider[\"zstack.io/terraform-provider-zstack/zstack\"]",
      "instances": [
        {
          "schema_version": 0,
          "attributes": {
            "l3networks": [
              {
                "category": "Public",
                "dns": [
                  {
                    "dnsmodel": "223.5.5.5"
                  }
                ],
                "iprange": [
                  {
                    "cidr": "172.25.0.0/16",
                    "endip": "172.25.126.223",
                    "gateway": "172.25.0.1",
                    "iprangename": "172.25.126.192-172.25.126.223",
                    "netmask": "255.255.0.0",
                    "startip": "172.25.126.192"
                  }
                ],
                "name": "public",
                "uuid": "de7f26a7304d45aea9e9871a1ba7dbae"
              }
            ],
            "name_regex": "public"
          },
          "sensitive_attributes": []
        }
      ]
    },
    {
      "mode": "managed",
      "type": "zstack_vm",
      "name": "vm",
      "provider": "provider[\"zstack.io/terraform-provider-zstack/zstack\"]",
      "instances": [
        {
          "index_key": 0,
          "schema_version": 0,
          "attributes": {
            "cupnum": 16,
            "description": "chi test",
            "imageuuid": "40172a4601b14fcfb822c40a70da3955",
            "ip": "172.25.126.207",
            "l3networkuuids": "de7f26a7304d45aea9e9871a1ba7dbae",
            "memorysize": 1147483648,
            "name": "temp-modift-1",
            "rootdiskofferinguuid": null,
            "rootdisksize": 202400,
            "uuid": "25d69ba2ecdc497fbc73a05d97de42aa"
          },
          "sensitive_attributes": [],
          "dependencies": [
            "data.zstack_images.images",
            "data.zstack_l3network.networks"
          ]
        },
        {
          "index_key": 1,
          "schema_version": 0,
          "attributes": {
            "cupnum": 16,
            "description": "chi test",
            "imageuuid": "40172a4601b14fcfb822c40a70da3955",
            "ip": "172.25.126.208",
            "l3networkuuids": "de7f26a7304d45aea9e9871a1ba7dbae",
            "memorysize": 1147483648,
            "name": "temp-modift-2",
            "rootdiskofferinguuid": null,
            "rootdisksize": 202400,
            "uuid": "2c865b970b074f528568ce962b2b92bc"
          },
          "sensitive_attributes": [],
          "dependencies": [
            "data.zstack_images.images",
            "data.zstack_l3network.networks"
          ]
        }
      ]
    }
  ],
  "check_results": null
}
