{
  "version": 4,
  "terraform_version": "1.6.2",
  "serial": 6,
  "lineage": "4b30531c-4d18-807f-c815-45bbe209de38",
  "outputs": {
    "zstack_vm": {
      "value": [
        {
          "clusteruuid": null,
          "cupnum": 1,
          "description": "5.1.8 test",
          "imageuuid": "109f4c57e38d4c86a21fc764aff35cec",
          "ip": "172.32.3.158",
          "l3networkuuids": "cf9b3b374b26400280366f81466094ac",
          "memorysize": 148903751,
          "name": "apilog-1",
          "rootdiskofferinguuid": null,
          "rootdisksize": 202400,
          "uuid": "fe3ed08553c242e2ab5104b53d43bf74"
        },
        {
          "clusteruuid": null,
          "cupnum": 1,
          "description": "5.1.8 test",
          "imageuuid": "109f4c57e38d4c86a21fc764aff35cec",
          "ip": "172.32.3.162",
          "l3networkuuids": "cf9b3b374b26400280366f81466094ac",
          "memorysize": 148903751,
          "name": "apilog-2",
          "rootdiskofferinguuid": null,
          "rootdisksize": 202400,
          "uuid": "f6bba67d1efe4d4b9209873262208951"
        },
        {
          "clusteruuid": null,
          "cupnum": 1,
          "description": "5.1.8 test",
          "imageuuid": "109f4c57e38d4c86a21fc764aff35cec",
          "ip": "172.32.3.210",
          "l3networkuuids": "cf9b3b374b26400280366f81466094ac",
          "memorysize": 148903751,
          "name": "apilog-3",
          "rootdiskofferinguuid": null,
          "rootdisksize": 202400,
          "uuid": "b255c126286c44b3a52333390cc845fe"
        },
        {
          "clusteruuid": null,
          "cupnum": 1,
          "description": "5.1.8 test",
          "imageuuid": "109f4c57e38d4c86a21fc764aff35cec",
          "ip": "172.32.3.216",
          "l3networkuuids": "cf9b3b374b26400280366f81466094ac",
          "memorysize": 148903751,
          "name": "apilog-4",
          "rootdiskofferinguuid": null,
          "rootdisksize": 202400,
          "uuid": "183746aa2cfa479f89eb43f020e7654f"
        },
        {
          "clusteruuid": null,
          "cupnum": 1,
          "description": "5.1.8 test",
          "imageuuid": "109f4c57e38d4c86a21fc764aff35cec",
          "ip": "172.32.3.249",
          "l3networkuuids": "cf9b3b374b26400280366f81466094ac",
          "memorysize": 148903751,
          "name": "apilog-5",
          "rootdiskofferinguuid": null,
          "rootdisksize": 202400,
          "uuid": "d6a34e033c6442b99a24d48a82544c04"
        }
      ],
      "type": [
        "tuple",
        [
          [
            "object",
            {
              "clusteruuid": "string",
              "cupnum": "number",
              "description": "string",
              "imageuuid": "string",
              "ip": "string",
              "l3networkuuids": "string",
              "memorysize": "number",
              "name": "string",
              "rootdiskofferinguuid": "string",
              "rootdisksize": "number",
              "uuid": "string"
            }
          ],
          [
            "object",
            {
              "clusteruuid": "string",
              "cupnum": "number",
              "description": "string",
              "imageuuid": "string",
              "ip": "string",
              "l3networkuuids": "string",
              "memorysize": "number",
              "name": "string",
              "rootdiskofferinguuid": "string",
              "rootdisksize": "number",
              "uuid": "string"
            }
          ],
          [
            "object",
            {
              "clusteruuid": "string",
              "cupnum": "number",
              "description": "string",
              "imageuuid": "string",
              "ip": "string",
              "l3networkuuids": "string",
              "memorysize": "number",
              "name": "string",
              "rootdiskofferinguuid": "string",
              "rootdisksize": "number",
              "uuid": "string"
            }
          ],
          [
            "object",
            {
              "clusteruuid": "string",
              "cupnum": "number",
              "description": "string",
              "imageuuid": "string",
              "ip": "string",
              "l3networkuuids": "string",
              "memorysize": "number",
              "name": "string",
              "rootdiskofferinguuid": "string",
              "rootdisksize": "number",
              "uuid": "string"
            }
          ],
          [
            "object",
            {
              "clusteruuid": "string",
              "cupnum": "number",
              "description": "string",
              "imageuuid": "string",
              "ip": "string",
              "l3networkuuids": "string",
              "memorysize": "number",
              "name": "string",
              "rootdiskofferinguuid": "string",
              "rootdisksize": "number",
              "uuid": "string"
            }
          ]
        ]
      ]
    }
  },
  "resources": [
    {
      "mode": "data",
      "type": "zstack_images",
      "name": "images",
      "provider": "provider[\"zstack.io/terraform-provider-zstack/zstack\"]",
      "instances": [
        {
          "schema_version": 0,
          "attributes": {
            "images": [
              {
                "architecture": "x86_64",
                "format": "qcow2",
                "guestostype": "Linux",
                "name": "Image-1",
                "platform": "Linux",
                "state": "Enabled",
                "status": "Ready",
                "uuid": "109f4c57e38d4c86a21fc764aff35cec"
              }
            ],
            "name_regex": "Image-1"
          },
          "sensitive_attributes": []
        }
      ]
    },
    {
      "mode": "data",
      "type": "zstack_l3network",
      "name": "networks",
      "provider": "provider[\"zstack.io/terraform-provider-zstack/zstack\"]",
      "instances": [
        {
          "schema_version": 0,
          "attributes": {
            "l3networks": [
              {
                "category": "Public",
                "dns": [],
                "iprange": [
                  {
                    "cidr": "172.32.3.0/24",
                    "endip": "172.32.3.254",
                    "gateway": "172.32.3.1",
                    "iprangename": "172.32.3.0/24",
                    "netmask": "255.255.255.0",
                    "startip": "172.32.3.2"
                  }
                ],
                "name": "q",
                "uuid": "cf9b3b374b26400280366f81466094ac"
              }
            ],
            "name_regex": "q"
          },
          "sensitive_attributes": []
        }
      ]
    },
    {
      "mode": "managed",
      "type": "zstack_vm",
      "name": "vm",
      "provider": "provider[\"zstack.io/terraform-provider-zstack/zstack\"]",
      "instances": [
        {
          "index_key": 0,
          "schema_version": 0,
          "attributes": {
            "clusteruuid": null,
            "cupnum": 1,
            "description": "5.1.8 test",
            "imageuuid": "109f4c57e38d4c86a21fc764aff35cec",
            "ip": "172.32.3.158",
            "l3networkuuids": "cf9b3b374b26400280366f81466094ac",
            "memorysize": 148903751,
            "name": "apilog-1",
            "rootdiskofferinguuid": null,
            "rootdisksize": 202400,
            "uuid": "fe3ed08553c242e2ab5104b53d43bf74"
          },
          "sensitive_attributes": [],
          "dependencies": [
            "data.zstack_images.images",
            "data.zstack_l3network.networks"
          ]
        },
        {
          "index_key": 1,
          "schema_version": 0,
          "attributes": {
            "clusteruuid": null,
            "cupnum": 1,
            "description": "5.1.8 test",
            "imageuuid": "109f4c57e38d4c86a21fc764aff35cec",
            "ip": "172.32.3.162",
            "l3networkuuids": "cf9b3b374b26400280366f81466094ac",
            "memorysize": 148903751,
            "name": "apilog-2",
            "rootdiskofferinguuid": null,
            "rootdisksize": 202400,
            "uuid": "f6bba67d1efe4d4b9209873262208951"
          },
          "sensitive_attributes": [],
          "dependencies": [
            "data.zstack_images.images",
            "data.zstack_l3network.networks"
          ]
        },
        {
          "index_key": 2,
          "schema_version": 0,
          "attributes": {
            "clusteruuid": null,
            "cupnum": 1,
            "description": "5.1.8 test",
            "imageuuid": "109f4c57e38d4c86a21fc764aff35cec",
            "ip": "172.32.3.210",
            "l3networkuuids": "cf9b3b374b26400280366f81466094ac",
            "memorysize": 148903751,
            "name": "apilog-3",
            "rootdiskofferinguuid": null,
            "rootdisksize": 202400,
            "uuid": "b255c126286c44b3a52333390cc845fe"
          },
          "sensitive_attributes": [],
          "dependencies": [
            "data.zstack_images.images",
            "data.zstack_l3network.networks"
          ]
        },
        {
          "index_key": 3,
          "schema_version": 0,
          "attributes": {
            "clusteruuid": null,
            "cupnum": 1,
            "description": "5.1.8 test",
            "imageuuid": "109f4c57e38d4c86a21fc764aff35cec",
            "ip": "172.32.3.216",
            "l3networkuuids": "cf9b3b374b26400280366f81466094ac",
            "memorysize": 148903751,
            "name": "apilog-4",
            "rootdiskofferinguuid": null,
            "rootdisksize": 202400,
            "uuid": "183746aa2cfa479f89eb43f020e7654f"
          },
          "sensitive_attributes": [],
          "dependencies": [
            "data.zstack_images.images",
            "data.zstack_l3network.networks"
          ]
        },
        {
          "index_key": 4,
          "schema_version": 0,
          "attributes": {
            "clusteruuid": null,
            "cupnum": 1,
            "description": "5.1.8 test",
            "imageuuid": "109f4c57e38d4c86a21fc764aff35cec",
            "ip": "172.32.3.249",
            "l3networkuuids": "cf9b3b374b26400280366f81466094ac",
            "memorysize": 148903751,
            "name": "apilog-5",
            "rootdiskofferinguuid": null,
            "rootdisksize": 202400,
            "uuid": "d6a34e033c6442b99a24d48a82544c04"
          },
          "sensitive_attributes": [],
          "dependencies": [
            "data.zstack_images.images",
            "data.zstack_l3network.networks"
          ]
        }
      ]
    }
  ],
  "check_results": null
}
