{
  "version": 4,
  "terraform_version": "1.6.2",
  "serial": 14,
  "lineage": "4f7730a0-d608-2c43-a158-e6e79fda37ac",
  "outputs": {
    "zstack_vm": {
      "value": [
        {
          "clusteruuid": null,
          "cupnum": 2,
          "description": "5.0 test",
          "imageuuid": "e55a1234624448fb8cab46b7ba7e8d6f",
          "ip": "172.25.124.15",
          "l3networkuuids": "c076773528c046998bb2d862143d60f0",
          "memorysize": 1148903751,
          "name": "rsyslog-1",
          "rootdiskofferinguuid": null,
          "rootdisksize": 202400,
          "uuid": "a31fcba2a76b4f0abd3db55395b732f7"
        }
      ],
      "type": [
        "tuple",
        [
          [
            "object",
            {
              "clusteruuid": "string",
              "cupnum": "number",
              "description": "string",
              "imageuuid": "string",
              "ip": "string",
              "l3networkuuids": "string",
              "memorysize": "number",
              "name": "string",
              "rootdiskofferinguuid": "string",
              "rootdisksize": "number",
              "uuid": "string"
            }
          ]
        ]
      ]
    }
  },
  "resources": [
    {
      "mode": "data",
      "type": "zstack_images",
      "name": "images",
      "provider": "provider[\"zstack.io/terraform-provider-zstack/zstack\"]",
      "instances": [
        {
          "schema_version": 0,
          "attributes": {
            "images": [
              {
                "architecture": "x86_64",
                "format": "raw",
                "guestostype": "Linux",
                "name": "C79",
                "platform": "Linux",
                "state": "Enabled",
                "status": "Ready",
                "uuid": "e55a1234624448fb8cab46b7ba7e8d6f"
              }
            ],
            "name_regex": "C79"
          },
          "sensitive_attributes": []
        }
      ]
    },
    {
      "mode": "data",
      "type": "zstack_l3network",
      "name": "networks",
      "provider": "provider[\"zstack.io/terraform-provider-zstack/zstack\"]",
      "instances": [
        {
          "schema_version": 0,
          "attributes": {
            "l3networks": [
              {
                "category": "Public",
                "dns": [
                  {
                    "dnsmodel": "223.5.5.5"
                  }
                ],
                "iprange": [
                  {
                    "cidr": "172.25.0.0/16",
                    "endip": "172.25.124.31",
                    "gateway": "172.25.0.1",
                    "iprangename": "172.25.124.0-172.25.124.31",
                    "netmask": "255.255.0.0",
                    "startip": "172.25.124.0"
                  }
                ],
                "name": "public",
                "uuid": "c076773528c046998bb2d862143d60f0"
              }
            ],
            "name_regex": "public"
          },
          "sensitive_attributes": []
        }
      ]
    },
    {
      "mode": "managed",
      "type": "zstack_vm",
      "name": "vm",
      "provider": "provider[\"zstack.io/terraform-provider-zstack/zstack\"]",
      "instances": [
        {
          "index_key": 0,
          "schema_version": 0,
          "attributes": {
            "clusteruuid": null,
            "cupnum": 2,
            "description": "5.0 test",
            "imageuuid": "e55a1234624448fb8cab46b7ba7e8d6f",
            "ip": "172.25.124.15",
            "l3networkuuids": "c076773528c046998bb2d862143d60f0",
            "memorysize": 1148903751,
            "name": "rsyslog-1",
            "rootdiskofferinguuid": null,
            "rootdisksize": 202400,
            "uuid": "a31fcba2a76b4f0abd3db55395b732f7"
          },
          "sensitive_attributes": [],
          "dependencies": [
            "data.zstack_images.images",
            "data.zstack_l3network.networks"
          ]
        }
      ]
    }
  ],
  "check_results": null
}
